
Microsoft Visual Studio Solution File, Format Version 12.00
# Visual Studio Version 17
VisualStudioVersion = 17.0.31903.59
MinimumVisualStudioVersion = 10.0.40219.1
Project("{FAE04EC0-301F-11D3-BF4B-00C04F79EFBC}") = "Shared", "Shared\Shared.csproj", "{7DF47808-B9A9-44B6-B107-397B18EB7455}"
EndProject
Project("{FAE04EC0-301F-11D3-BF4B-00C04F79EFBC}") = "Server", "Server\Server.csproj", "{54E77E50-8631-4F55-AB42-8B3E97A188EC}"
EndProject
Global
	GlobalSection(SolutionConfigurationPlatforms) = preSolution
		Debug|Any CPU = Debug|Any CPU
		Release|Any CPU = Release|Any CPU
	EndGlobalSection
	GlobalSection(SolutionProperties) = preSolution
		HideSolutionNode = FALSE
	EndGlobalSection
	GlobalSection(ProjectConfigurationPlatforms) = postSolution
		{7DF47808-B9A9-44B6-B107-397B18EB7455}.Debug|Any CPU.ActiveCfg = Debug|Any CPU
		{7DF47808-B9A9-44B6-B107-397B18EB7455}.Debug|Any CPU.Build.0 = Debug|Any CPU
		{7DF47808-B9A9-44B6-B107-397B18EB7455}.Release|Any CPU.ActiveCfg = Release|Any CPU
		{7DF47808-B9A9-44B6-B107-397B18EB7455}.Release|Any CPU.Build.0 = Release|Any CPU
		{54E77E50-8631-4F55-AB42-8B3E97A188EC}.Debug|Any CPU.ActiveCfg = Debug|Any CPU
		{54E77E50-8631-4F55-AB42-8B3E97A188EC}.Debug|Any CPU.Build.0 = Debug|Any CPU
		{54E77E50-8631-4F55-AB42-8B3E97A188EC}.Release|Any CPU.ActiveCfg = Release|Any CPU
		{54E77E50-8631-4F55-AB42-8B3E97A188EC}.Release|Any CPU.Build.0 = Release|Any CPU
	EndGlobalSection
EndGlobal
